PODS:
  - Nimble (4.0.0)
  - Quick (0.8.0)
  - swift-lateral-toolbox (0.1.0)

DEPENDENCIES:
  - Nimble (= 4.0.0)
  - Quick (~> 0.8.0)
  - swift-lateral-toolbox (from `../`)

EXTERNAL SOURCES:
  swift-lateral-toolbox:
    :path: ../

SPEC CHECKSUMS:
  Nimble: 72bcc3e2f02242e6bfaaf8d9412ca7bfe3d8b417
  Quick: 563d0f6ec5f72e394645adb377708639b7dd38ab
  swift-lateral-toolbox: b62124168bdcdc6a5d8a455cc04f72459f00b387

PODFILE CHECKSUM: 2899bbbf780c49a677a22e967220dbea065a7744

COCOAPODS: 1.0.0
